// !$*UTF8*$!
{
	archiveVersion = 1;
	classes = {
	};
	objectVersion = 77;
	objects = {

/* Begin PBXBuildFile section */
		001D2063C89E3766449A182A /* SubscriptionRepository.swift in Sources */ = {isa = PBXBuildFile; fileRef = 2B1179F38E1A5E65BB151423 /* SubscriptionRepository.swift */; };
		02DE20397BD0ECA8F72C176A /* AIChatMessage.swift in Sources */ = {isa = PBXBuildFile; fileRef = 133AB98515546BCFAB61B22E /* AIChatMessage.swift */; };
		06ADB6863709854F884509AA /* PreviewFixtures.swift in Sources */ = {isa = PBXBuildFile; fileRef = E78764491862238DC7207612 /* PreviewFixtures.swift */; };
		0C2F293079BC46077066C045 /* CurrencyFormatting.swift in Sources */ = {isa = PBXBuildFile; fileRef = 4A5D18A3CFECA6E4FE9357B8 /* CurrencyFormatting.swift */; };
		0DA8B52827B079057BA424EF /* Components.swift in Sources */ = {isa = PBXBuildFile; fileRef = BC8F883DA1370AC5B1A91518 /* Components.swift */; };
		0DF49DB89CA82D65268FBBAE /* RecurringExpense.swift in Sources */ = {isa = PBXBuildFile; fileRef = E62FCE98085B13A3EA37F54F /* RecurringExpense.swift */; };
		124223CCE5176582B1D26FA6 /* BillReminderManager.swift in Sources */ = {isa = PBXBuildFile; fileRef = 769FA28E4C7F6404E0D2E8C3 /* BillReminderManager.swift */; };
		1394328C0ADF2D55BCB296B0 /* FirebaseFirestore in Frameworks */ = {isa = PBXBuildFile; productRef = 0141BD05BAD17E14C483C242 /* FirebaseFirestore */; };
		1BE63336D7C191B07575F34D /* SubscriptionManaging.swift in Sources */ = {isa = PBXBuildFile; fileRef = 873151EE3D65B4068041EBB6 /* SubscriptionManaging.swift */; };
		25747DD09E22D7F28C6F9A4B /* Assets.xcassets in Resources */ = {isa = PBXBuildFile; fileRef = 172965080010172944303FC9 /* Assets.xcassets */; };
		2FC60DED5630C7ABCC8D12F2 /* LogoService.swift in Sources */ = {isa = PBXBuildFile; fileRef = 32ADEB16F352070EEFEE552D /* LogoService.swift */; };
		37159B11E51BFD85B7C04314 /* FirebaseBootstrap.swift in Sources */ = {isa = PBXBuildFile; fileRef = C3A0CDED5AAD7E6E6DC59C96 /* FirebaseBootstrap.swift */; };
		4540E81943F5FF906B1CC42D /* ExpenseCategory.swift in Sources */ = {isa = PBXBuildFile; fileRef = 4D47280014B1000D8EEAFBD9 /* ExpenseCategory.swift */; };
		4F1A7309A7CCFAE5B21B6A9B /* PaywallView.swift in Sources */ = {isa = PBXBuildFile; fileRef = F71D6C311F918AC58E05F0A6 /* PaywallView.swift */; };
		5654CFEF4CAB73F323FA6FC0 /* KeychainService.swift in Sources */ = {isa = PBXBuildFile; fileRef = 8ED8BCDE3BBFC7E0164F9BAA /* KeychainService.swift */; };
		57156F644DB876277F612D6D /* AuthenticationManager.swift in Sources */ = {isa = PBXBuildFile; fileRef = 8E59951EB81195A32C0D4765 /* AuthenticationManager.swift */; };
		584845BA8495A44F60A1D01E /* AuthenticationView.swift in Sources */ = {isa = PBXBuildFile; fileRef = FEBB2FC8941F35AB7F16DE9B /* AuthenticationView.swift */; };
		5CA8EDCE055DDDCEB041C0FD /* APIServing.swift in Sources */ = {isa = PBXBuildFile; fileRef = C4CD8FA777A6A20D7150FDAF /* APIServing.swift */; };
		5D73B4222FAED5DD71156585 /* FirebaseAnalytics in Frameworks */ = {isa = PBXBuildFile; productRef = 1CF324109C7C79368B05CCCC /* FirebaseAnalytics */; };
		61DA1F39A00026AD57A53E61 /* SubscriptionManagerTests.swift in Sources */ = {isa = PBXBuildFile; fileRef = 88B6315141820448B1DA332D /* SubscriptionManagerTests.swift */; };
		65660EA3EF8E0F37996C3FC3 /* AnalyticsProvider.swift in Sources */ = {isa = PBXBuildFile; fileRef = 7C8901995848E592614B6754 /* AnalyticsProvider.swift */; };
		7049EF9668E872C14943DC8F /* FirebaseAuth in Frameworks */ = {isa = PBXBuildFile; productRef = 4B88D1194AAABB29D9089FCB /* FirebaseAuth */; };
		74F5A11D1F05E09725771ABC /* FinanceManager.swift in Sources */ = {isa = PBXBuildFile; fileRef = 11536BD245143056CF16EDC0 /* FinanceManager.swift */; };
		76BC09EAED87737333A47735 /* GoogleService-Info.plist in Resources */ = {isa = PBXBuildFile; fileRef = B1807BA494EAE5290BB8CDD8 /* GoogleService-Info.plist */; };
		7880C9AF99D4F8468BBFFB07 /* Expense.swift in Sources */ = {isa = PBXBuildFile; fileRef = 48C944CF2744263108639983 /* Expense.swift */; };
		7A1B822A62099B0DA3D1D44A /* FinanceExportSnapshot.swift in Sources */ = {isa = PBXBuildFile; fileRef = EAA976F0AB2310FDBA5FB32A /* FinanceExportSnapshot.swift */; };
		7C6C3E8BDD1827FDE8C191D4 /* App.swift in Sources */ = {isa = PBXBuildFile; fileRef = 29EDA968A520A7D7FE07A9D5 /* App.swift */; };
		7D3A84CA8B81F888334A35D7 /* AuthenticationManagerTests.swift in Sources */ = {isa = PBXBuildFile; fileRef = 3229B0D2A92FF61915D8C41B /* AuthenticationManagerTests.swift */; };
		8646DD833AD7DF949B36D2E3 /* ReceiptDraft.swift in Sources */ = {isa = PBXBuildFile; fileRef = 9F2580B4692163C0B383BEBB /* ReceiptDraft.swift */; };
		86E5B49FFFC4C85C2CFC650A /* AuthenticationManaging.swift in Sources */ = {isa = PBXBuildFile; fileRef = 968843BADE0D4458604AD7FB /* AuthenticationManaging.swift */; };
		8DFA9C8C2EC8C73914404E47 /* FinanceManagerTests.swift in Sources */ = {isa = PBXBuildFile; fileRef = 48C3C7531A0F9BA7F90A5C5E /* FinanceManagerTests.swift */; };
		92655633C4274B761A0BA4BD /* FlowViewModelTests.swift in Sources */ = {isa = PBXBuildFile; fileRef = 871ADDE4BA855712D146CC58 /* FlowViewModelTests.swift */; };
		944C7F8E9F847EC1FA6E5F29 /* FinanceAIManager.swift in Sources */ = {isa = PBXBuildFile; fileRef = B2BB7789C4048BE1742C5F50 /* FinanceAIManager.swift */; };
		95ED9C54C840799C78927BBB /* UserStoring.swift in Sources */ = {isa = PBXBuildFile; fileRef = 6BF28296FDF9AA07370CC451 /* UserStoring.swift */; };
		96B4ED893A06A43A25628437 /* DatabaseManagerTests.swift in Sources */ = {isa = PBXBuildFile; fileRef = 3628D96B49324D1B438FCAF1 /* DatabaseManagerTests.swift */; };
		9737AD111A46352FA97C8B65 /* GlassmorphismShowcaseView.swift in Sources */ = {isa = PBXBuildFile; fileRef = 7B82BF3E72C5A17F5D531AE5 /* GlassmorphismShowcaseView.swift */; };
		9773FA90E2A7E54E9563A1D8 /* User.swift in Sources */ = {isa = PBXBuildFile; fileRef = CAF440C1DB67CC7857258683 /* User.swift */; };
		9B227B8E39E8F289852CE752 /* AppConfig.swift in Sources */ = {isa = PBXBuildFile; fileRef = 5D5307A226E61E708D560405 /* AppConfig.swift */; };
		A4155C1254ABACD97B37F2F5 /* SubscriptionPlan.swift in Sources */ = {isa = PBXBuildFile; fileRef = 4B66094F503F65DE062FFA0E /* SubscriptionPlan.swift */; };
		A6CC8297C347B6A040940D7C /* Observability.swift in Sources */ = {isa = PBXBuildFile; fileRef = 00CA64650308007393F5F690 /* Observability.swift */; };
		AB71253BC13553E893F01B87 /* .env.example in Resources */ = {isa = PBXBuildFile; fileRef = 4586F679CA10AA0CDF436CA0 /* .env.example */; };
		B68ACCCF07FF787C9CD2F220 /* AppConfigTests.swift in Sources */ = {isa = PBXBuildFile; fileRef = 230F65786883781A66EF931E /* AppConfigTests.swift */; };
		B794433E840E890F400D9A40 /* AnalyticsProviderTests.swift in Sources */ = {isa = PBXBuildFile; fileRef = CE452CBBD63369798F74948F /* AnalyticsProviderTests.swift */; };
		B8646D4A91FA3465BAAB98FF /* ImportExpenseSheet.swift in Sources */ = {isa = PBXBuildFile; fileRef = 6A697057EA134E3CBF5C6092 /* ImportExpenseSheet.swift */; };
		B877AA974E21981F24E66C35 /* RecurrenceFrequency.swift in Sources */ = {isa = PBXBuildFile; fileRef = 321EF5B6079B968EBA8D6D0F /* RecurrenceFrequency.swift */; };
		C27E062969FB306DB7762550 /* FirebaseCore in Frameworks */ = {isa = PBXBuildFile; productRef = 423027C8254BE853351CE073 /* FirebaseCore */; };
		CA308C12C59CCDDD2123F436 /* SubscriptionManager.swift in Sources */ = {isa = PBXBuildFile; fileRef = 311C928CD654B89422BDD40C /* SubscriptionManager.swift */; };
		D06664790E3934C97A37BC6B /* Theme.swift in Sources */ = {isa = PBXBuildFile; fileRef = 661DE467F852D75B5E1B16A7 /* Theme.swift */; };
		D29D0F62D1D84BAAA74A03E4 /* APIService.swift in Sources */ = {isa = PBXBuildFile; fileRef = FEB63B06A994954ADEA16513 /* APIService.swift */; };
		D3CB8FF10915F5FC3C23FE2C /* AIWelcomeView.swift in Sources */ = {isa = PBXBuildFile; fileRef = 1A4357B693A9A8D1CFC172C0 /* AIWelcomeView.swift */; };
		D3F331900D4054EBFBE5C2AE /* ViewSnapshotSmokeTests.swift in Sources */ = {isa = PBXBuildFile; fileRef = 7EC06B9F3ABAEDFC8B73124E /* ViewSnapshotSmokeTests.swift */; };
		D87F3C4660E5368C8A5CFA84 /* Extensions.swift in Sources */ = {isa = PBXBuildFile; fileRef = 16092F6CED0B7BDD3163FC19 /* Extensions.swift */; };
		DFF313CDDB13E082EAF50BF4 /* UserRepository.swift in Sources */ = {isa = PBXBuildFile; fileRef = 40B80D2357B6BACCB7ABAF83 /* UserRepository.swift */; };
		E7D7A778399D66414C398247 /* MainTabView.swift in Sources */ = {isa = PBXBuildFile; fileRef = 7D839F8B1F42AACC363C2C03 /* MainTabView.swift */; };
		EC8E4C9319250FB61524CC68 /* PaywallFlowViewModel.swift in Sources */ = {isa = PBXBuildFile; fileRef = D69D8AD10D267D3D56DAF2A7 /* PaywallFlowViewModel.swift */; };
		EFC24C276A5A146285A8277E /* AppEnvironment.swift in Sources */ = {isa = PBXBuildFile; fileRef = D1414BE1DFA4B061D65D6614 /* AppEnvironment.swift */; };
		EFE8C38AF1141D39F231FF60 /* DatabaseManager.swift in Sources */ = {isa = PBXBuildFile; fileRef = FA9DD170CC13EAC30052E3BC /* DatabaseManager.swift */; };
		F1038860174D426E6E2243D4 /* GitHubService.swift in Sources */ = {isa = PBXBuildFile; fileRef = 4E0735E007CA2E9DC9E46151 /* GitHubService.swift */; };
		F578C192522594854716397A /* MerchantLogoView.swift in Sources */ = {isa = PBXBuildFile; fileRef = 37DE3DB5F001083C7A60005F /* MerchantLogoView.swift */; };
		F6C76686A067FA5F7B0DEC7E /* AuthenticationFlowViewModel.swift in Sources */ = {isa = PBXBuildFile; fileRef = 3363DD6E9F4AD0F1E93E356A /* AuthenticationFlowViewModel.swift */; };
		FFE00B56BB893C13851320C8 /* OpenAIService.swift in Sources */ = {isa = PBXBuildFile; fileRef = 9DE554411F91BC277DCC90DC /* OpenAIService.swift */; };
/* End PBXBuildFile section */

/* Begin PBXContainerItemProxy section */
		D62178172E904B59ED9EC504 /* PBXContainerItemProxy */ = {
			isa = PBXContainerItemProxy;
			containerPortal = 3BCF4789470467BA4934C1D4 /* Project object */;
			proxyType = 1;
			remoteGlobalIDString = 7F02292FE2C57F476A6E56FD;
			remoteInfo = FinanceTrackerAI;
		};
/* End PBXContainerItemProxy section */

/* Begin PBXFileReference section */
		00CA64650308007393F5F690 /* Observability.swift */ = {isa = PBXFileReference; lastKnownFileType = sourcecode.swift; path = Observability.swift; sourceTree = "<group>"; };
		0C9A6952613A05F4546F913A /* Release.xcconfig */ = {isa = PBXFileReference; lastKnownFileType = text.xcconfig; path = Release.xcconfig; sourceTree = "<group>"; };
		11536BD245143056CF16EDC0 /* FinanceManager.swift */ = {isa = PBXFileReference; lastKnownFileType = sourcecode.swift; path = FinanceManager.swift; sourceTree = "<group>"; };
		133AB98515546BCFAB61B22E /* AIChatMessage.swift */ = {isa = PBXFileReference; lastKnownFileType = sourcecode.swift; path = AIChatMessage.swift; sourceTree = "<group>"; };
		16092F6CED0B7BDD3163FC19 /* Extensions.swift */ = {isa = PBXFileReference; lastKnownFileType = sourcecode.swift; path = Extensions.swift; sourceTree = "<group>"; };
		172965080010172944303FC9 /* Assets.xcassets */ = {isa = PBXFileReference; lastKnownFileType = folder.assetcatalog; path = Assets.xcassets; sourceTree = "<group>"; };
		1A4357B693A9A8D1CFC172C0 /* AIWelcomeView.swift */ = {isa = PBXFileReference; lastKnownFileType = sourcecode.swift; path = AIWelcomeView.swift; sourceTree = "<group>"; };
		230F65786883781A66EF931E /* AppConfigTests.swift */ = {isa = PBXFileReference; lastKnownFileType = sourcecode.swift; path = AppConfigTests.swift; sourceTree = "<group>"; };
		29EDA968A520A7D7FE07A9D5 /* App.swift */ = {isa = PBXFileReference; lastKnownFileType = sourcecode.swift; path = App.swift; sourceTree = "<group>"; };
		2B1179F38E1A5E65BB151423 /* SubscriptionRepository.swift */ = {isa = PBXFileReference; lastKnownFileType = sourcecode.swift; path = SubscriptionRepository.swift; sourceTree = "<group>"; };
		311C928CD654B89422BDD40C /* SubscriptionManager.swift */ = {isa = PBXFileReference; lastKnownFileType = sourcecode.swift; path = SubscriptionManager.swift; sourceTree = "<group>"; };
		321EF5B6079B968EBA8D6D0F /* RecurrenceFrequency.swift */ = {isa = PBXFileReference; lastKnownFileType = sourcecode.swift; path = RecurrenceFrequency.swift; sourceTree = "<group>"; };
		3229B0D2A92FF61915D8C41B /* AuthenticationManagerTests.swift */ = {isa = PBXFileReference; lastKnownFileType = sourcecode.swift; path = AuthenticationManagerTests.swift; sourceTree = "<group>"; };
		32ADEB16F352070EEFEE552D /* LogoService.swift */ = {isa = PBXFileReference; lastKnownFileType = sourcecode.swift; path = LogoService.swift; sourceTree = "<group>"; };
		3363DD6E9F4AD0F1E93E356A /* AuthenticationFlowViewModel.swift */ = {isa = PBXFileReference; lastKnownFileType = sourcecode.swift; path = AuthenticationFlowViewModel.swift; sourceTree = "<group>"; };
		3628D96B49324D1B438FCAF1 /* DatabaseManagerTests.swift */ = {isa = PBXFileReference; lastKnownFileType = sourcecode.swift; path = DatabaseManagerTests.swift; sourceTree = "<group>"; };
		37DE3DB5F001083C7A60005F /* MerchantLogoView.swift */ = {isa = PBXFileReference; lastKnownFileType = sourcecode.swift; path = MerchantLogoView.swift; sourceTree = "<group>"; };
		3F040B97B7F0C2284D508E80 /* FinanceTrackerAITests.xctest */ = {isa = PBXFileReference; includeInIndex = 0; lastKnownFileType = wrapper.cfbundle; path = FinanceTrackerAITests.xctest; sourceTree = BUILT_PRODUCTS_DIR; };
		40B80D2357B6BACCB7ABAF83 /* UserRepository.swift */ = {isa = PBXFileReference; lastKnownFileType = sourcecode.swift; path = UserRepository.swift; sourceTree = "<group>"; };
		4586F679CA10AA0CDF436CA0 /* .env.example */ = {isa = PBXFileReference; path = .env.example; sourceTree = "<group>"; };
		48C3C7531A0F9BA7F90A5C5E /* FinanceManagerTests.swift */ = {isa = PBXFileReference; lastKnownFileType = sourcecode.swift; path = FinanceManagerTests.swift; sourceTree = "<group>"; };
		48C944CF2744263108639983 /* Expense.swift */ = {isa = PBXFileReference; lastKnownFileType = sourcecode.swift; path = Expense.swift; sourceTree = "<group>"; };
		4A2F71A1971815A407BEA166 /* FinanceTrackerAI.app */ = {isa = PBXFileReference; includeInIndex = 0; lastKnownFileType = wrapper.application; path = FinanceTrackerAI.app; sourceTree = BUILT_PRODUCTS_DIR; };
		4A5D18A3CFECA6E4FE9357B8 /* CurrencyFormatting.swift */ = {isa = PBXFileReference; lastKnownFileType = sourcecode.swift; path = CurrencyFormatting.swift; sourceTree = "<group>"; };
		4B66094F503F65DE062FFA0E /* SubscriptionPlan.swift */ = {isa = PBXFileReference; lastKnownFileType = sourcecode.swift; path = SubscriptionPlan.swift; sourceTree = "<group>"; };
		4D47280014B1000D8EEAFBD9 /* ExpenseCategory.swift */ = {isa = PBXFileReference; lastKnownFileType = sourcecode.swift; path = ExpenseCategory.swift; sourceTree = "<group>"; };
		4E0735E007CA2E9DC9E46151 /* GitHubService.swift */ = {isa = PBXFileReference; lastKnownFileType = sourcecode.swift; path = GitHubService.swift; sourceTree = "<group>"; };
		5D5307A226E61E708D560405 /* AppConfig.swift */ = {isa = PBXFileReference; lastKnownFileType = sourcecode.swift; path = AppConfig.swift; sourceTree = "<group>"; };
		661DE467F852D75B5E1B16A7 /* Theme.swift */ = {isa = PBXFileReference; lastKnownFileType = sourcecode.swift; path = Theme.swift; sourceTree = "<group>"; };
		6A697057EA134E3CBF5C6092 /* ImportExpenseSheet.swift */ = {isa = PBXFileReference; lastKnownFileType = sourcecode.swift; path = ImportExpenseSheet.swift; sourceTree = "<group>"; };
		6AC89DD553860AEA8AB688C6 /* Debug.xcconfig */ = {isa = PBXFileReference; lastKnownFileType = text.xcconfig; path = Debug.xcconfig; sourceTree = "<group>"; };
		6BF28296FDF9AA07370CC451 /* UserStoring.swift */ = {isa = PBXFileReference; lastKnownFileType = sourcecode.swift; path = UserStoring.swift; sourceTree = "<group>"; };
		769FA28E4C7F6404E0D2E8C3 /* BillReminderManager.swift */ = {isa = PBXFileReference; lastKnownFileType = sourcecode.swift; path = BillReminderManager.swift; sourceTree = "<group>"; };
		7B82BF3E72C5A17F5D531AE5 /* GlassmorphismShowcaseView.swift */ = {isa = PBXFileReference; lastKnownFileType = sourcecode.swift; path = GlassmorphismShowcaseView.swift; sourceTree = "<group>"; };
		7C8901995848E592614B6754 /* AnalyticsProvider.swift */ = {isa = PBXFileReference; lastKnownFileType = sourcecode.swift; path = AnalyticsProvider.swift; sourceTree = "<group>"; };
		7D839F8B1F42AACC363C2C03 /* MainTabView.swift */ = {isa = PBXFileReference; lastKnownFileType = sourcecode.swift; path = MainTabView.swift; sourceTree = "<group>"; };
		7EC06B9F3ABAEDFC8B73124E /* ViewSnapshotSmokeTests.swift */ = {isa = PBXFileReference; lastKnownFileType = sourcecode.swift; path = ViewSnapshotSmokeTests.swift; sourceTree = "<group>"; };
		871ADDE4BA855712D146CC58 /* FlowViewModelTests.swift */ = {isa = PBXFileReference; lastKnownFileType = sourcecode.swift; path = FlowViewModelTests.swift; sourceTree = "<group>"; };
		873151EE3D65B4068041EBB6 /* SubscriptionManaging.swift */ = {isa = PBXFileReference; lastKnownFileType = sourcecode.swift; path = SubscriptionManaging.swift; sourceTree = "<group>"; };
		88B6315141820448B1DA332D /* SubscriptionManagerTests.swift */ = {isa = PBXFileReference; lastKnownFileType = sourcecode.swift; path = SubscriptionManagerTests.swift; sourceTree = "<group>"; };
		8E59951EB81195A32C0D4765 /* AuthenticationManager.swift */ = {isa = PBXFileReference; lastKnownFileType = sourcecode.swift; path = AuthenticationManager.swift; sourceTree = "<group>"; };
		8ED8BCDE3BBFC7E0164F9BAA /* KeychainService.swift */ = {isa = PBXFileReference; lastKnownFileType = sourcecode.swift; path = KeychainService.swift; sourceTree = "<group>"; };
		968843BADE0D4458604AD7FB /* AuthenticationManaging.swift */ = {isa = PBXFileReference; lastKnownFileType = sourcecode.swift; path = AuthenticationManaging.swift; sourceTree = "<group>"; };
		9DE554411F91BC277DCC90DC /* OpenAIService.swift */ = {isa = PBXFileReference; lastKnownFileType = sourcecode.swift; path = OpenAIService.swift; sourceTree = "<group>"; };
		9F2580B4692163C0B383BEBB /* ReceiptDraft.swift */ = {isa = PBXFileReference; lastKnownFileType = sourcecode.swift; path = ReceiptDraft.swift; sourceTree = "<group>"; };
		AB9CC1605D10E1A44E37AC1A /* Staging.xcconfig */ = {isa = PBXFileReference; lastKnownFileType = text.xcconfig; path = Staging.xcconfig; sourceTree = "<group>"; };
		B1807BA494EAE5290BB8CDD8 /* GoogleService-Info.plist */ = {isa = PBXFileReference; lastKnownFileType = text.plist; path = "GoogleService-Info.plist"; sourceTree = "<group>"; };
		B2BB7789C4048BE1742C5F50 /* FinanceAIManager.swift */ = {isa = PBXFileReference; lastKnownFileType = sourcecode.swift; path = FinanceAIManager.swift; sourceTree = "<group>"; };
		BC8F883DA1370AC5B1A91518 /* Components.swift */ = {isa = PBXFileReference; lastKnownFileType = sourcecode.swift; path = Components.swift; sourceTree = "<group>"; };
		C3A0CDED5AAD7E6E6DC59C96 /* FirebaseBootstrap.swift */ = {isa = PBXFileReference; lastKnownFileType = sourcecode.swift; path = FirebaseBootstrap.swift; sourceTree = "<group>"; };
		C4CD8FA777A6A20D7150FDAF /* APIServing.swift */ = {isa = PBXFileReference; lastKnownFileType = sourcecode.swift; path = APIServing.swift; sourceTree = "<group>"; };
		CAF440C1DB67CC7857258683 /* User.swift */ = {isa = PBXFileReference; lastKnownFileType = sourcecode.swift; path = User.swift; sourceTree = "<group>"; };
		CE452CBBD63369798F74948F /* AnalyticsProviderTests.swift */ = {isa = PBXFileReference; lastKnownFileType = sourcecode.swift; path = AnalyticsProviderTests.swift; sourceTree = "<group>"; };
		D1414BE1DFA4B061D65D6614 /* AppEnvironment.swift */ = {isa = PBXFileReference; lastKnownFileType = sourcecode.swift; path = AppEnvironment.swift; sourceTree = "<group>"; };
		D69D8AD10D267D3D56DAF2A7 /* PaywallFlowViewModel.swift */ = {isa = PBXFileReference; lastKnownFileType = sourcecode.swift; path = PaywallFlowViewModel.swift; sourceTree = "<group>"; };
		E62FCE98085B13A3EA37F54F /* RecurringExpense.swift */ = {isa = PBXFileReference; lastKnownFileType = sourcecode.swift; path = RecurringExpense.swift; sourceTree = "<group>"; };
		E78764491862238DC7207612 /* PreviewFixtures.swift */ = {isa = PBXFileReference; lastKnownFileType = sourcecode.swift; path = PreviewFixtures.swift; sourceTree = "<group>"; };
		EAA976F0AB2310FDBA5FB32A /* FinanceExportSnapshot.swift */ = {isa = PBXFileReference; lastKnownFileType = sourcecode.swift; path = FinanceExportSnapshot.swift; sourceTree = "<group>"; };
		F71D6C311F918AC58E05F0A6 /* PaywallView.swift */ = {isa = PBXFileReference; lastKnownFileType = sourcecode.swift; path = PaywallView.swift; sourceTree = "<group>"; };
		FA9DD170CC13EAC30052E3BC /* DatabaseManager.swift */ = {isa = PBXFileReference; lastKnownFileType = sourcecode.swift; path = DatabaseManager.swift; sourceTree = "<group>"; };
		FEB63B06A994954ADEA16513 /* APIService.swift */ = {isa = PBXFileReference; lastKnownFileType = sourcecode.swift; path = APIService.swift; sourceTree = "<group>"; };
		FEBB2FC8941F35AB7F16DE9B /* AuthenticationView.swift */ = {isa = PBXFileReference; lastKnownFileType = sourcecode.swift; path = AuthenticationView.swift; sourceTree = "<group>"; };
/* End PBXFileReference section */

/* Begin PBXFrameworksBuildPhase section */
		21BB1E6A07C26AB059E51DE0 /* Frameworks */ = {
			isa = PBXFrameworksBuildPhase;
			buildActionMask = 2147483647;
			files = (
				C27E062969FB306DB7762550 /* FirebaseCore in Frameworks */,
				7049EF9668E872C14943DC8F /* FirebaseAuth in Frameworks */,
				1394328C0ADF2D55BCB296B0 /* FirebaseFirestore in Frameworks */,
				5D73B4222FAED5DD71156585 /* FirebaseAnalytics in Frameworks */,
			);
			runOnlyForDeploymentPostprocessing = 0;
		};
/* End PBXFrameworksBuildPhase section */

/* Begin PBXGroup section */
		04A324F0470CD6B71A891F21 /* Config */ = {
			isa = PBXGroup;
			children = (
				5D5307A226E61E708D560405 /* AppConfig.swift */,
			);
			path = Config;
			sourceTree = "<group>";
		};
		13DA7D171C2AF582C1E70D86 /* Design */ = {
			isa = PBXGroup;
			children = (
				172965080010172944303FC9 /* Assets.xcassets */,
				BC8F883DA1370AC5B1A91518 /* Components.swift */,
				661DE467F852D75B5E1B16A7 /* Theme.swift */,
			);
			path = Design;
			sourceTree = "<group>";
		};
		28022074160B7774F4B6EC1A /* Utilities */ = {
			isa = PBXGroup;
			children = (
				7C8901995848E592614B6754 /* AnalyticsProvider.swift */,
				4A5D18A3CFECA6E4FE9357B8 /* CurrencyFormatting.swift */,
				16092F6CED0B7BDD3163FC19 /* Extensions.swift */,
				C3A0CDED5AAD7E6E6DC59C96 /* FirebaseBootstrap.swift */,
				00CA64650308007393F5F690 /* Observability.swift */,
			);
			path = Utilities;
			sourceTree = "<group>";
		};
		3B2B8E7FD2FAFF07FB4757FF /* Repositories */ = {
			isa = PBXGroup;
			children = (
				2B1179F38E1A5E65BB151423 /* SubscriptionRepository.swift */,
				40B80D2357B6BACCB7ABAF83 /* UserRepository.swift */,
			);
			path = Repositories;
			sourceTree = "<group>";
		};
		3BC1DD4182E65C746EEE2B4A /* App Template */ = {
			isa = PBXGroup;
			children = (
				4586F679CA10AA0CDF436CA0 /* .env.example */,
				29EDA968A520A7D7FE07A9D5 /* App.swift */,
				D1414BE1DFA4B061D65D6614 /* AppEnvironment.swift */,
				B1807BA494EAE5290BB8CDD8 /* GoogleService-Info.plist */,
				04A324F0470CD6B71A891F21 /* Config */,
				13DA7D171C2AF582C1E70D86 /* Design */,
				A4BE5D8237DC7725D350D0C3 /* Managers */,
				8B61B95CA4D684479E00432A /* Models */,
				A0E58EF7A22E6A154FCA23E9 /* PreviewSupport */,
				3B2B8E7FD2FAFF07FB4757FF /* Repositories */,
				B4473CD3B15A5A6828200433 /* Services */,
				28022074160B7774F4B6EC1A /* Utilities */,
				D7168FC5F2A02DF022CD5095 /* ViewModels */,
				A102B148B4A05CC6E9AC64CD /* Views */,
			);
			path = "App Template";
			sourceTree = "<group>";
		};
		6648739DE6CD63E6753F5EF0 /* Products */ = {
			isa = PBXGroup;
			children = (
				4A2F71A1971815A407BEA166 /* FinanceTrackerAI.app */,
				3F040B97B7F0C2284D508E80 /* FinanceTrackerAITests.xctest */,
			);
			name = Products;
			sourceTree = "<group>";
		};
		8B61B95CA4D684479E00432A /* Models */ = {
			isa = PBXGroup;
			children = (
				133AB98515546BCFAB61B22E /* AIChatMessage.swift */,
				48C944CF2744263108639983 /* Expense.swift */,
				4D47280014B1000D8EEAFBD9 /* ExpenseCategory.swift */,
				EAA976F0AB2310FDBA5FB32A /* FinanceExportSnapshot.swift */,
				9F2580B4692163C0B383BEBB /* ReceiptDraft.swift */,
				321EF5B6079B968EBA8D6D0F /* RecurrenceFrequency.swift */,
				E62FCE98085B13A3EA37F54F /* RecurringExpense.swift */,
				4B66094F503F65DE062FFA0E /* SubscriptionPlan.swift */,
				CAF440C1DB67CC7857258683 /* User.swift */,
			);
			path = Models;
			sourceTree = "<group>";
		};
		A0E58EF7A22E6A154FCA23E9 /* PreviewSupport */ = {
			isa = PBXGroup;
			children = (
				E78764491862238DC7207612 /* PreviewFixtures.swift */,
			);
			path = PreviewSupport;
			sourceTree = "<group>";
		};
		A102B148B4A05CC6E9AC64CD /* Views */ = {
			isa = PBXGroup;
			children = (
				1A4357B693A9A8D1CFC172C0 /* AIWelcomeView.swift */,
				FEBB2FC8941F35AB7F16DE9B /* AuthenticationView.swift */,
				7B82BF3E72C5A17F5D531AE5 /* GlassmorphismShowcaseView.swift */,
				6A697057EA134E3CBF5C6092 /* ImportExpenseSheet.swift */,
				7D839F8B1F42AACC363C2C03 /* MainTabView.swift */,
				37DE3DB5F001083C7A60005F /* MerchantLogoView.swift */,
				F71D6C311F918AC58E05F0A6 /* PaywallView.swift */,
			);
			path = Views;
			sourceTree = "<group>";
		};
		A4BE5D8237DC7725D350D0C3 /* Managers */ = {
			isa = PBXGroup;
			children = (
				8E59951EB81195A32C0D4765 /* AuthenticationManager.swift */,
				968843BADE0D4458604AD7FB /* AuthenticationManaging.swift */,
				769FA28E4C7F6404E0D2E8C3 /* BillReminderManager.swift */,
				FA9DD170CC13EAC30052E3BC /* DatabaseManager.swift */,
				B2BB7789C4048BE1742C5F50 /* FinanceAIManager.swift */,
				11536BD245143056CF16EDC0 /* FinanceManager.swift */,
				311C928CD654B89422BDD40C /* SubscriptionManager.swift */,
				873151EE3D65B4068041EBB6 /* SubscriptionManaging.swift */,
				6BF28296FDF9AA07370CC451 /* UserStoring.swift */,
			);
			path = Managers;
			sourceTree = "<group>";
		};
		B0C9993F69DF9E2545EDA368 /* App TemplateTests */ = {
			isa = PBXGroup;
			children = (
				CE452CBBD63369798F74948F /* AnalyticsProviderTests.swift */,
				230F65786883781A66EF931E /* AppConfigTests.swift */,
				3229B0D2A92FF61915D8C41B /* AuthenticationManagerTests.swift */,
				3628D96B49324D1B438FCAF1 /* DatabaseManagerTests.swift */,
				48C3C7531A0F9BA7F90A5C5E /* FinanceManagerTests.swift */,
				871ADDE4BA855712D146CC58 /* FlowViewModelTests.swift */,
				88B6315141820448B1DA332D /* SubscriptionManagerTests.swift */,
				7EC06B9F3ABAEDFC8B73124E /* ViewSnapshotSmokeTests.swift */,
			);
			path = "App TemplateTests";
			sourceTree = "<group>";
		};
		B4473CD3B15A5A6828200433 /* Services */ = {
			isa = PBXGroup;
			children = (
				FEB63B06A994954ADEA16513 /* APIService.swift */,
				C4CD8FA777A6A20D7150FDAF /* APIServing.swift */,
				4E0735E007CA2E9DC9E46151 /* GitHubService.swift */,
				8ED8BCDE3BBFC7E0164F9BAA /* KeychainService.swift */,
				32ADEB16F352070EEFEE552D /* LogoService.swift */,
				9DE554411F91BC277DCC90DC /* OpenAIService.swift */,
			);
			path = Services;
			sourceTree = "<group>";
		};
		C3C37817033109C66F8119F1 = {
			isa = PBXGroup;
			children = (
				3BC1DD4182E65C746EEE2B4A /* App Template */,
				B0C9993F69DF9E2545EDA368 /* App TemplateTests */,
				FF2DBC7FDEA1A307D49C3A9E /* Config */,
				6648739DE6CD63E6753F5EF0 /* Products */,
			);
			sourceTree = "<group>";
		};
		CE9E55F0042B806026A3E1BC /* xcconfigs */ = {
			isa = PBXGroup;
			children = (
				6AC89DD553860AEA8AB688C6 /* Debug.xcconfig */,
				0C9A6952613A05F4546F913A /* Release.xcconfig */,
				AB9CC1605D10E1A44E37AC1A /* Staging.xcconfig */,
			);
			path = xcconfigs;
			sourceTree = "<group>";
		};
		D7168FC5F2A02DF022CD5095 /* ViewModels */ = {
			isa = PBXGroup;
			children = (
				3363DD6E9F4AD0F1E93E356A /* AuthenticationFlowViewModel.swift */,
				D69D8AD10D267D3D56DAF2A7 /* PaywallFlowViewModel.swift */,
			);
			path = ViewModels;
			sourceTree = "<group>";
		};
		FF2DBC7FDEA1A307D49C3A9E /* Config */ = {
			isa = PBXGroup;
			children = (
				CE9E55F0042B806026A3E1BC /* xcconfigs */,
			);
			path = Config;
			sourceTree = "<group>";
		};
/* End PBXGroup section */

/* Begin PBXNativeTarget section */
		3967F5A8CE7D129864F27EBE /* FinanceTrackerAITests */ = {
			isa = PBXNativeTarget;
			buildConfigurationList = 51292A89DDC78BEFE65598DA /* Build configuration list for PBXNativeTarget "FinanceTrackerAITests" */;
			buildPhases = (
				3DE2A52A194FDF65DD759D31 /* Sources */,
			);
			buildRules = (
			);
			dependencies = (
				BC4BDB2B4F8D14EC515933BA /* PBXTargetDependency */,
			);
			name = FinanceTrackerAITests;
			packageProductDependencies = (
			);
			productName = FinanceTrackerAITests;
			productReference = 3F040B97B7F0C2284D508E80 /* FinanceTrackerAITests.xctest */;
			productType = "com.apple.product-type.bundle.unit-test";
		};
		7F02292FE2C57F476A6E56FD /* FinanceTrackerAI */ = {
			isa = PBXNativeTarget;
			buildConfigurationList = 53B4FC30984314387DBF8DBD /* Build configuration list for PBXNativeTarget "FinanceTrackerAI" */;
			buildPhases = (
				3D8B42718DC2D3F192374CB0 /* Sources */,
				0693917768B117B67F98855A /* Resources */,
				21BB1E6A07C26AB059E51DE0 /* Frameworks */,
			);
			buildRules = (
			);
			dependencies = (
			);
			name = FinanceTrackerAI;
			packageProductDependencies = (
				423027C8254BE853351CE073 /* FirebaseCore */,
				4B88D1194AAABB29D9089FCB /* FirebaseAuth */,
				0141BD05BAD17E14C483C242 /* FirebaseFirestore */,
				1CF324109C7C79368B05CCCC /* FirebaseAnalytics */,
			);
			productName = FinanceTrackerAI;
			productReference = 4A2F71A1971815A407BEA166 /* FinanceTrackerAI.app */;
			productType = "com.apple.product-type.application";
		};
/* End PBXNativeTarget section */

/* Begin PBXProject section */
		3BCF4789470467BA4934C1D4 /* Project object */ = {
			isa = PBXProject;
			attributes = {
				BuildIndependentTargetsInParallel = YES;
				LastUpgradeCheck = 1600;
				TargetAttributes = {
					3967F5A8CE7D129864F27EBE = {
						DevelopmentTeam = R79MH5A2VX;
					};
					7F02292FE2C57F476A6E56FD = {
						DevelopmentTeam = R79MH5A2VX;
						ProvisioningStyle = Automatic;
					};
				};
			};
			buildConfigurationList = BA1F9E68380A6734E14F946C /* Build configuration list for PBXProject "FinanceTrackeriOS" */;
			developmentRegion = en;
			hasScannedForEncodings = 0;
			knownRegions = (
				Base,
				en,
			);
			mainGroup = C3C37817033109C66F8119F1;
			minimizedProjectReferenceProxies = 1;
			packageReferences = (
				E0ABF69EDD18BE8741CCED26 /* XCRemoteSwiftPackageReference "firebase-ios-sdk" */,
			);
			preferredProjectObjectVersion = 77;
			productRefGroup = 6648739DE6CD63E6753F5EF0 /* Products */;
			projectDirPath = "";
			projectRoot = "";
			targets = (
				7F02292FE2C57F476A6E56FD /* FinanceTrackerAI */,
				3967F5A8CE7D129864F27EBE /* FinanceTrackerAITests */,
			);
		};
/* End PBXProject section */

/* Begin PBXResourcesBuildPhase section */
		0693917768B117B67F98855A /* Resources */ = {
			isa = PBXResourcesBuildPhase;
			buildActionMask = 2147483647;
			files = (
				AB71253BC13553E893F01B87 /* .env.example in Resources */,
				25747DD09E22D7F28C6F9A4B /* Assets.xcassets in Resources */,
				76BC09EAED87737333A47735 /* GoogleService-Info.plist in Resources */,
			);
			runOnlyForDeploymentPostprocessing = 0;
		};
/* End PBXResourcesBuildPhase section */

/* Begin PBXSourcesBuildPhase section */
		3D8B42718DC2D3F192374CB0 /* Sources */ = {
			isa = PBXSourcesBuildPhase;
			buildActionMask = 2147483647;
			files = (
				02DE20397BD0ECA8F72C176A /* AIChatMessage.swift in Sources */,
				D3CB8FF10915F5FC3C23FE2C /* AIWelcomeView.swift in Sources */,
				D29D0F62D1D84BAAA74A03E4 /* APIService.swift in Sources */,
				5CA8EDCE055DDDCEB041C0FD /* APIServing.swift in Sources */,
				65660EA3EF8E0F37996C3FC3 /* AnalyticsProvider.swift in Sources */,
				7C6C3E8BDD1827FDE8C191D4 /* App.swift in Sources */,
				9B227B8E39E8F289852CE752 /* AppConfig.swift in Sources */,
				EFC24C276A5A146285A8277E /* AppEnvironment.swift in Sources */,
				F6C76686A067FA5F7B0DEC7E /* AuthenticationFlowViewModel.swift in Sources */,
				57156F644DB876277F612D6D /* AuthenticationManager.swift in Sources */,
				86E5B49FFFC4C85C2CFC650A /* AuthenticationManaging.swift in Sources */,
				584845BA8495A44F60A1D01E /* AuthenticationView.swift in Sources */,
				124223CCE5176582B1D26FA6 /* BillReminderManager.swift in Sources */,
				0DA8B52827B079057BA424EF /* Components.swift in Sources */,
				0C2F293079BC46077066C045 /* CurrencyFormatting.swift in Sources */,
				EFE8C38AF1141D39F231FF60 /* DatabaseManager.swift in Sources */,
				7880C9AF99D4F8468BBFFB07 /* Expense.swift in Sources */,
				4540E81943F5FF906B1CC42D /* ExpenseCategory.swift in Sources */,
				D87F3C4660E5368C8A5CFA84 /* Extensions.swift in Sources */,
				944C7F8E9F847EC1FA6E5F29 /* FinanceAIManager.swift in Sources */,
				7A1B822A62099B0DA3D1D44A /* FinanceExportSnapshot.swift in Sources */,
				74F5A11D1F05E09725771ABC /* FinanceManager.swift in Sources */,
				37159B11E51BFD85B7C04314 /* FirebaseBootstrap.swift in Sources */,
				F1038860174D426E6E2243D4 /* GitHubService.swift in Sources */,
				9737AD111A46352FA97C8B65 /* GlassmorphismShowcaseView.swift in Sources */,
				B8646D4A91FA3465BAAB98FF /* ImportExpenseSheet.swift in Sources */,
				5654CFEF4CAB73F323FA6FC0 /* KeychainService.swift in Sources */,
				2FC60DED5630C7ABCC8D12F2 /* LogoService.swift in Sources */,
				E7D7A778399D66414C398247 /* MainTabView.swift in Sources */,
				F578C192522594854716397A /* MerchantLogoView.swift in Sources */,
				A6CC8297C347B6A040940D7C /* Observability.swift in Sources */,
				FFE00B56BB893C13851320C8 /* OpenAIService.swift in Sources */,
				EC8E4C9319250FB61524CC68 /* PaywallFlowViewModel.swift in Sources */,
				4F1A7309A7CCFAE5B21B6A9B /* PaywallView.swift in Sources */,
				06ADB6863709854F884509AA /* PreviewFixtures.swift in Sources */,
				8646DD833AD7DF949B36D2E3 /* ReceiptDraft.swift in Sources */,
				B877AA974E21981F24E66C35 /* RecurrenceFrequency.swift in Sources */,
				0DF49DB89CA82D65268FBBAE /* RecurringExpense.swift in Sources */,
				CA308C12C59CCDDD2123F436 /* SubscriptionManager.swift in Sources */,
				1BE63336D7C191B07575F34D /* SubscriptionManaging.swift in Sources */,
				A4155C1254ABACD97B37F2F5 /* SubscriptionPlan.swift in Sources */,
				001D2063C89E3766449A182A /* SubscriptionRepository.swift in Sources */,
				D06664790E3934C97A37BC6B /* Theme.swift in Sources */,
				9773FA90E2A7E54E9563A1D8 /* User.swift in Sources */,
				DFF313CDDB13E082EAF50BF4 /* UserRepository.swift in Sources */,
				95ED9C54C840799C78927BBB /* UserStoring.swift in Sources */,
			);
			runOnlyForDeploymentPostprocessing = 0;
		};
		3DE2A52A194FDF65DD759D31 /* Sources */ = {
			isa = PBXSourcesBuildPhase;
			buildActionMask = 2147483647;
			files = (
				B794433E840E890F400D9A40 /* AnalyticsProviderTests.swift in Sources */,
				B68ACCCF07FF787C9CD2F220 /* AppConfigTests.swift in Sources */,
				7D3A84CA8B81F888334A35D7 /* AuthenticationManagerTests.swift in Sources */,
				96B4ED893A06A43A25628437 /* DatabaseManagerTests.swift in Sources */,
				8DFA9C8C2EC8C73914404E47 /* FinanceManagerTests.swift in Sources */,
				92655633C4274B761A0BA4BD /* FlowViewModelTests.swift in Sources */,
				61DA1F39A00026AD57A53E61 /* SubscriptionManagerTests.swift in Sources */,
				D3F331900D4054EBFBE5C2AE /* ViewSnapshotSmokeTests.swift in Sources */,
			);
			runOnlyForDeploymentPostprocessing = 0;
		};
/* End PBXSourcesBuildPhase section */

/* Begin PBXTargetDependency section */
		BC4BDB2B4F8D14EC515933BA /* PBXTargetDependency */ = {
			isa = PBXTargetDependency;
			target = 7F02292FE2C57F476A6E56FD /* FinanceTrackerAI */;
			targetProxy = D62178172E904B59ED9EC504 /* PBXContainerItemProxy */;
		};
/* End PBXTargetDependency section */

/* Begin XCBuildConfiguration section */
		0E754FE31F733065638AFDF8 /* Release */ = {
			isa = XCBuildConfiguration;
			baseConfigurationReference = 0C9A6952613A05F4546F913A /* Release.xcconfig */;
			buildSettings = {
				ASSETCATALOG_COMPILER_APPICON_NAME = AppIcon;
				CODE_SIGN_ENTITLEMENTS = FinanceTrackerAI.entitlements;
				CODE_SIGN_IDENTITY = "iPhone Developer";
				CODE_SIGN_STYLE = Automatic;
				INFOPLIST_FILE = Config/Info.plist;
				LD_RUNPATH_SEARCH_PATHS = (
					"$(inherited)",
					"@executable_path/Frameworks",
				);
				PRODUCT_BUNDLE_IDENTIFIER = com.dakota.financetracker2025;
				SDKROOT = iphoneos;
				TARGETED_DEVICE_FAMILY = "1,2";
			};
			name = Release;
		};
		3B840C1DA025C74F0B6D4FD0 /* Debug */ = {
			isa = XCBuildConfiguration;
			buildSettings = {
				BUNDLE_LOADER = "$(TEST_HOST)";
				GENERATE_INFOPLIST_FILE = YES;
				LD_RUNPATH_SEARCH_PATHS = (
					"$(inherited)",
					"@executable_path/Frameworks",
					"@loader_path/Frameworks",
				);
				PRODUCT_BUNDLE_IDENTIFIER = com.dakota.financetracker2025.tests;
				SDKROOT = iphoneos;
				TARGETED_DEVICE_FAMILY = "1,2";
				TEST_HOST = "$(BUILT_PRODUCTS_DIR)/FinanceTrackerAI.app/$(BUNDLE_EXECUTABLE_FOLDER_PATH)/FinanceTrackerAI";
			};
			name = Debug;
		};
		7312F49C410E54A950150035 /* Release */ = {
			isa = XCBuildConfiguration;
			buildSettings = {
				ALWAYS_SEARCH_USER_PATHS = NO;
				CLANG_ANALYZER_NONNULL = YES;
				CLANG_ANALYZER_NUMBER_OBJECT_CONVERSION = YES_AGGRESSIVE;
				CLANG_CXX_LANGUAGE_STANDARD = "gnu++14";
				CLANG_CXX_LIBRARY = "libc++";
				CLANG_ENABLE_MODULES = YES;
				CLANG_ENABLE_OBJC_ARC = YES;
				CLANG_ENABLE_OBJC_WEAK = YES;
				CLANG_WARN_BLOCK_CAPTURE_AUTORELEASING = YES;
				CLANG_WARN_BOOL_CONVERSION = YES;
				CLANG_WARN_COMMA = YES;
				CLANG_WARN_CONSTANT_CONVERSION = YES;
				CLANG_WARN_DEPRECATED_OBJC_IMPLEMENTATIONS = YES;
				CLANG_WARN_DIRECT_OBJC_ISA_USAGE = YES_ERROR;
				CLANG_WARN_DOCUMENTATION_COMMENTS = YES;
				CLANG_WARN_EMPTY_BODY = YES;
				CLANG_WARN_ENUM_CONVERSION = YES;
				CLANG_WARN_INFINITE_RECURSION = YES;
				CLANG_WARN_INT_CONVERSION = YES;
				CLANG_WARN_NON_LITERAL_NULL_CONVERSION = YES;
				CLANG_WARN_OBJC_IMPLICIT_RETAIN_SELF = YES;
				CLANG_WARN_OBJC_LITERAL_CONVERSION = YES;
				CLANG_WARN_OBJC_ROOT_CLASS = YES_ERROR;
				CLANG_WARN_QUOTED_INCLUDE_IN_FRAMEWORK_HEADER = YES;
				CLANG_WARN_RANGE_LOOP_ANALYSIS = YES;
				CLANG_WARN_STRICT_PROTOTYPES = YES;
				CLANG_WARN_SUSPICIOUS_MOVE = YES;
				CLANG_WARN_UNGUARDED_AVAILABILITY = YES_AGGRESSIVE;
				CLANG_WARN_UNREACHABLE_CODE = YES;
				CLANG_WARN__DUPLICATE_METHOD_MATCH = YES;
				COPY_PHASE_STRIP = NO;
				CURRENT_PROJECT_VERSION = 12;
				DEBUG_INFORMATION_FORMAT = "dwarf-with-dsym";
				DEVELOPMENT_TEAM = R79MH5A2VX;
				ENABLE_NS_ASSERTIONS = NO;
				ENABLE_STRICT_OBJC_MSGSEND = YES;
				ENABLE_TESTABILITY = YES;
				GCC_C_LANGUAGE_STANDARD = gnu11;
				GCC_NO_COMMON_BLOCKS = YES;
				GCC_WARN_64_TO_32_BIT_CONVERSION = YES;
				GCC_WARN_ABOUT_RETURN_TYPE = YES_ERROR;
				GCC_WARN_UNDECLARED_SELECTOR = YES;
				GCC_WARN_UNINITIALIZED_AUTOS = YES_AGGRESSIVE;
				GCC_WARN_UNUSED_FUNCTION = YES;
				GCC_WARN_UNUSED_VARIABLE = YES;
				IPHONEOS_DEPLOYMENT_TARGET = 17.0;
				MARKETING_VERSION = 4.2.0;
				MTL_ENABLE_DEBUG_INFO = NO;
				MTL_FAST_MATH = YES;
				PRODUCT_NAME = "$(TARGET_NAME)";
				SDKROOT = iphoneos;
				SWIFT_COMPILATION_MODE = wholemodule;
				SWIFT_OPTIMIZATION_LEVEL = "-O";
				SWIFT_VERSION = 5.1;
			};
			name = Release;
		};
		7B7C1ACB7595DA8C80BBA6EC /* Staging */ = {
			isa = XCBuildConfiguration;
			baseConfigurationReference = AB9CC1605D10E1A44E37AC1A /* Staging.xcconfig */;
			buildSettings = {
				ASSETCATALOG_COMPILER_APPICON_NAME = AppIcon;
				CODE_SIGN_ENTITLEMENTS = FinanceTrackerAI.entitlements;
				CODE_SIGN_IDENTITY = "iPhone Developer";
				CODE_SIGN_STYLE = Automatic;
				INFOPLIST_FILE = Config/Info.plist;
				LD_RUNPATH_SEARCH_PATHS = (
					"$(inherited)",
					"@executable_path/Frameworks",
				);
				PRODUCT_BUNDLE_IDENTIFIER = com.dakota.financetracker2025;
				SDKROOT = iphoneos;
				TARGETED_DEVICE_FAMILY = "1,2";
			};
			name = Staging;
		};
		98A69C8B9824927DB736FE26 /* Staging */ = {
			isa = XCBuildConfiguration;
			buildSettings = {
				BUNDLE_LOADER = "$(TEST_HOST)";
				GENERATE_INFOPLIST_FILE = YES;
				LD_RUNPATH_SEARCH_PATHS = (
					"$(inherited)",
					"@executable_path/Frameworks",
					"@loader_path/Frameworks",
				);
				PRODUCT_BUNDLE_IDENTIFIER = com.dakota.financetracker2025.tests;
				SDKROOT = iphoneos;
				TARGETED_DEVICE_FAMILY = "1,2";
				TEST_HOST = "$(BUILT_PRODUCTS_DIR)/FinanceTrackerAI.app/$(BUNDLE_EXECUTABLE_FOLDER_PATH)/FinanceTrackerAI";
			};
			name = Staging;
		};
		D1B3B9C10F8F2739C8C69D0F /* Release */ = {
			isa = XCBuildConfiguration;
			buildSettings = {
				BUNDLE_LOADER = "$(TEST_HOST)";
				GENERATE_INFOPLIST_FILE = YES;
				LD_RUNPATH_SEARCH_PATHS = (
					"$(inherited)",
					"@executable_path/Frameworks",
					"@loader_path/Frameworks",
				);
				PRODUCT_BUNDLE_IDENTIFIER = com.dakota.financetracker2025.tests;
				SDKROOT = iphoneos;
				TARGETED_DEVICE_FAMILY = "1,2";
				TEST_HOST = "$(BUILT_PRODUCTS_DIR)/FinanceTrackerAI.app/$(BUNDLE_EXECUTABLE_FOLDER_PATH)/FinanceTrackerAI";
			};
			name = Release;
		};
		D8E1BF1709FF78E46C812408 /* Debug */ = {
			isa = XCBuildConfiguration;
			buildSettings = {
				ALWAYS_SEARCH_USER_PATHS = NO;
				CLANG_ANALYZER_NONNULL = YES;
				CLANG_ANALYZER_NUMBER_OBJECT_CONVERSION = YES_AGGRESSIVE;
				CLANG_CXX_LANGUAGE_STANDARD = "gnu++14";
				CLANG_CXX_LIBRARY = "libc++";
				CLANG_ENABLE_MODULES = YES;
				CLANG_ENABLE_OBJC_ARC = YES;
				CLANG_ENABLE_OBJC_WEAK = YES;
				CLANG_WARN_BLOCK_CAPTURE_AUTORELEASING = YES;
				CLANG_WARN_BOOL_CONVERSION = YES;
				CLANG_WARN_COMMA = YES;
				CLANG_WARN_CONSTANT_CONVERSION = YES;
				CLANG_WARN_DEPRECATED_OBJC_IMPLEMENTATIONS = YES;
				CLANG_WARN_DIRECT_OBJC_ISA_USAGE = YES_ERROR;
				CLANG_WARN_DOCUMENTATION_COMMENTS = YES;
				CLANG_WARN_EMPTY_BODY = YES;
				CLANG_WARN_ENUM_CONVERSION = YES;
				CLANG_WARN_INFINITE_RECURSION = YES;
				CLANG_WARN_INT_CONVERSION = YES;
				CLANG_WARN_NON_LITERAL_NULL_CONVERSION = YES;
				CLANG_WARN_OBJC_IMPLICIT_RETAIN_SELF = YES;
				CLANG_WARN_OBJC_LITERAL_CONVERSION = YES;
				CLANG_WARN_OBJC_ROOT_CLASS = YES_ERROR;
				CLANG_WARN_QUOTED_INCLUDE_IN_FRAMEWORK_HEADER = YES;
				CLANG_WARN_RANGE_LOOP_ANALYSIS = YES;
				CLANG_WARN_STRICT_PROTOTYPES = YES;
				CLANG_WARN_SUSPICIOUS_MOVE = YES;
				CLANG_WARN_UNGUARDED_AVAILABILITY = YES_AGGRESSIVE;
				CLANG_WARN_UNREACHABLE_CODE = YES;
				CLANG_WARN__DUPLICATE_METHOD_MATCH = YES;
				COPY_PHASE_STRIP = NO;
				CURRENT_PROJECT_VERSION = 12;
				DEBUG_INFORMATION_FORMAT = dwarf;
				DEVELOPMENT_TEAM = R79MH5A2VX;
				ENABLE_STRICT_OBJC_MSGSEND = YES;
				ENABLE_TESTABILITY = YES;
				GCC_C_LANGUAGE_STANDARD = gnu11;
				GCC_DYNAMIC_NO_PIC = NO;
				GCC_NO_COMMON_BLOCKS = YES;
				GCC_OPTIMIZATION_LEVEL = 0;
				GCC_PREPROCESSOR_DEFINITIONS = (
					"$(inherited)",
					"DEBUG=1",
				);
				GCC_WARN_64_TO_32_BIT_CONVERSION = YES;
				GCC_WARN_ABOUT_RETURN_TYPE = YES_ERROR;
				GCC_WARN_UNDECLARED_SELECTOR = YES;
				GCC_WARN_UNINITIALIZED_AUTOS = YES_AGGRESSIVE;
				GCC_WARN_UNUSED_FUNCTION = YES;
				GCC_WARN_UNUSED_VARIABLE = YES;
				IPHONEOS_DEPLOYMENT_TARGET = 17.0;
				MARKETING_VERSION = 4.2.0;
				MTL_ENABLE_DEBUG_INFO = INCLUDE_SOURCE;
				MTL_FAST_MATH = YES;
				ONLY_ACTIVE_ARCH = YES;
				PRODUCT_NAME = "$(TARGET_NAME)";
				SDKROOT = iphoneos;
				SWIFT_ACTIVE_COMPILATION_CONDITIONS = DEBUG;
				SWIFT_OPTIMIZATION_LEVEL = "-Onone";
				SWIFT_VERSION = 5.1;
			};
			name = Debug;
		};
		E5D5528D64F4466D6541AEC6 /* Debug */ = {
			isa = XCBuildConfiguration;
			baseConfigurationReference = 6AC89DD553860AEA8AB688C6 /* Debug.xcconfig */;
			buildSettings = {
				ASSETCATALOG_COMPILER_APPICON_NAME = AppIcon;
				CODE_SIGN_ENTITLEMENTS = FinanceTrackerAI.entitlements;
				CODE_SIGN_IDENTITY = "iPhone Developer";
				CODE_SIGN_STYLE = Automatic;
				INFOPLIST_FILE = Config/Info.plist;
				LD_RUNPATH_SEARCH_PATHS = (
					"$(inherited)",
					"@executable_path/Frameworks",
				);
				PRODUCT_BUNDLE_IDENTIFIER = com.dakota.financetracker2025;
				SDKROOT = iphoneos;
				SWIFT_ACTIVE_COMPILATION_CONDITIONS = DEBUG;
				TARGETED_DEVICE_FAMILY = "1,2";
			};
			name = Debug;
		};
		FACA313447286FA597694FCA /* Staging */ = {
			isa = XCBuildConfiguration;
			buildSettings = {
				ALWAYS_SEARCH_USER_PATHS = NO;
				CLANG_ANALYZER_NONNULL = YES;
				CLANG_ANALYZER_NUMBER_OBJECT_CONVERSION = YES_AGGRESSIVE;
				CLANG_CXX_LANGUAGE_STANDARD = "gnu++14";
				CLANG_CXX_LIBRARY = "libc++";
				CLANG_ENABLE_MODULES = YES;
				CLANG_ENABLE_OBJC_ARC = YES;
				CLANG_ENABLE_OBJC_WEAK = YES;
				CLANG_WARN_BLOCK_CAPTURE_AUTORELEASING = YES;
				CLANG_WARN_BOOL_CONVERSION = YES;
				CLANG_WARN_COMMA = YES;
				CLANG_WARN_CONSTANT_CONVERSION = YES;
				CLANG_WARN_DEPRECATED_OBJC_IMPLEMENTATIONS = YES;
				CLANG_WARN_DIRECT_OBJC_ISA_USAGE = YES_ERROR;
				CLANG_WARN_DOCUMENTATION_COMMENTS = YES;
				CLANG_WARN_EMPTY_BODY = YES;
				CLANG_WARN_ENUM_CONVERSION = YES;
				CLANG_WARN_INFINITE_RECURSION = YES;
				CLANG_WARN_INT_CONVERSION = YES;
				CLANG_WARN_NON_LITERAL_NULL_CONVERSION = YES;
				CLANG_WARN_OBJC_IMPLICIT_RETAIN_SELF = YES;
				CLANG_WARN_OBJC_LITERAL_CONVERSION = YES;
				CLANG_WARN_OBJC_ROOT_CLASS = YES_ERROR;
				CLANG_WARN_QUOTED_INCLUDE_IN_FRAMEWORK_HEADER = YES;
				CLANG_WARN_RANGE_LOOP_ANALYSIS = YES;
				CLANG_WARN_STRICT_PROTOTYPES = YES;
				CLANG_WARN_SUSPICIOUS_MOVE = YES;
				CLANG_WARN_UNGUARDED_AVAILABILITY = YES_AGGRESSIVE;
				CLANG_WARN_UNREACHABLE_CODE = YES;
				CLANG_WARN__DUPLICATE_METHOD_MATCH = YES;
				COPY_PHASE_STRIP = NO;
				CURRENT_PROJECT_VERSION = 12;
				DEBUG_INFORMATION_FORMAT = "dwarf-with-dsym";
				DEVELOPMENT_TEAM = R79MH5A2VX;
				ENABLE_NS_ASSERTIONS = NO;
				ENABLE_STRICT_OBJC_MSGSEND = YES;
				ENABLE_TESTABILITY = YES;
				GCC_C_LANGUAGE_STANDARD = gnu11;
				GCC_NO_COMMON_BLOCKS = YES;
				GCC_WARN_64_TO_32_BIT_CONVERSION = YES;
				GCC_WARN_ABOUT_RETURN_TYPE = YES_ERROR;
				GCC_WARN_UNDECLARED_SELECTOR = YES;
				GCC_WARN_UNINITIALIZED_AUTOS = YES_AGGRESSIVE;
				GCC_WARN_UNUSED_FUNCTION = YES;
				GCC_WARN_UNUSED_VARIABLE = YES;
				IPHONEOS_DEPLOYMENT_TARGET = 17.0;
				MARKETING_VERSION = 4.2.0;
				MTL_ENABLE_DEBUG_INFO = NO;
				MTL_FAST_MATH = YES;
				PRODUCT_NAME = "$(TARGET_NAME)";
				SDKROOT = iphoneos;
				SWIFT_COMPILATION_MODE = wholemodule;
				SWIFT_OPTIMIZATION_LEVEL = "-O";
				SWIFT_VERSION = 5.1;
			};
			name = Staging;
		};
/* End XCBuildConfiguration section */

/* Begin XCConfigurationList section */
		51292A89DDC78BEFE65598DA /* Build configuration list for PBXNativeTarget "FinanceTrackerAITests" */ = {
			isa = XCConfigurationList;
			buildConfigurations = (
				3B840C1DA025C74F0B6D4FD0 /* Debug */,
				D1B3B9C10F8F2739C8C69D0F /* Release */,
				98A69C8B9824927DB736FE26 /* Staging */,
			);
			defaultConfigurationIsVisible = 0;
			defaultConfigurationName = Debug;
		};
		53B4FC30984314387DBF8DBD /* Build configuration list for PBXNativeTarget "FinanceTrackerAI" */ = {
			isa = XCConfigurationList;
			buildConfigurations = (
				E5D5528D64F4466D6541AEC6 /* Debug */,
				0E754FE31F733065638AFDF8 /* Release */,
				7B7C1ACB7595DA8C80BBA6EC /* Staging */,
			);
			defaultConfigurationIsVisible = 0;
			defaultConfigurationName = Debug;
		};
		BA1F9E68380A6734E14F946C /* Build configuration list for PBXProject "FinanceTrackeriOS" */ = {
			isa = XCConfigurationList;
			buildConfigurations = (
				D8E1BF1709FF78E46C812408 /* Debug */,
				7312F49C410E54A950150035 /* Release */,
				FACA313447286FA597694FCA /* Staging */,
			);
			defaultConfigurationIsVisible = 0;
			defaultConfigurationName = Debug;
		};
/* End XCConfigurationList section */

/* Begin XCRemoteSwiftPackageReference section */
		E0ABF69EDD18BE8741CCED26 /* XCRemoteSwiftPackageReference "firebase-ios-sdk" */ = {
			isa = XCRemoteSwiftPackageReference;
			repositoryURL = "https://github.com/firebase/firebase-ios-sdk.git";
			requirement = {
				kind = upToNextMajorVersion;
				minimumVersion = 11.0.0;
			};
		};
/* End XCRemoteSwiftPackageReference section */

/* Begin XCSwiftPackageProductDependency section */
		0141BD05BAD17E14C483C242 /* FirebaseFirestore */ = {
			isa = XCSwiftPackageProductDependency;
			package = E0ABF69EDD18BE8741CCED26 /* XCRemoteSwiftPackageReference "firebase-ios-sdk" */;
			productName = FirebaseFirestore;
		};
		1CF324109C7C79368B05CCCC /* FirebaseAnalytics */ = {
			isa = XCSwiftPackageProductDependency;
			package = E0ABF69EDD18BE8741CCED26 /* XCRemoteSwiftPackageReference "firebase-ios-sdk" */;
			productName = FirebaseAnalytics;
		};
		423027C8254BE853351CE073 /* FirebaseCore */ = {
			isa = XCSwiftPackageProductDependency;
			package = E0ABF69EDD18BE8741CCED26 /* XCRemoteSwiftPackageReference "firebase-ios-sdk" */;
			productName = FirebaseCore;
		};
		4B88D1194AAABB29D9089FCB /* FirebaseAuth */ = {
			isa = XCSwiftPackageProductDependency;
			package = E0ABF69EDD18BE8741CCED26 /* XCRemoteSwiftPackageReference "firebase-ios-sdk" */;
			productName = FirebaseAuth;
		};
/* End XCSwiftPackageProductDependency section */
	};
	rootObject = 3BCF4789470467BA4934C1D4 /* Project object */;
}
